
Microsoft Visual Studio Solution File, Format Version 12.00
# Visual Studio Version 17
VisualStudioVersion = 17.3.32819.101
MinimumVisualStudioVersion = 10.0.40219.1
Project("{FAE04EC0-301F-11D3-BF4B-00C04F79EFBC}") = "dictionary_examCSh", "dictionary_examCSh\dictionary_examCSh.csproj", "{F750C3F1-CDA1-46DD-81DD-5385566A6022}"
EndProject
Global
	GlobalSection(SolutionConfigurationPlatforms) = preSolution
		Debug|Any CPU = Debug|Any CPU
		Release|Any CPU = Release|Any CPU
	EndGlobalSection
	GlobalSection(ProjectConfigurationPlatforms) = postSolution
		{F750C3F1-CDA1-46DD-81DD-5385566A6022}.Debug|Any CPU.ActiveCfg = Debug|Any CPU
		{F750C3F1-CDA1-46DD-81DD-5385566A6022}.Debug|Any CPU.Build.0 = Debug|Any CPU
		{F750C3F1-CDA1-46DD-81DD-5385566A6022}.Release|Any CPU.ActiveCfg = Release|Any CPU
		{F750C3F1-CDA1-46DD-81DD-5385566A6022}.Release|Any CPU.Build.0 = Release|Any CPU
	EndGlobalSection
	GlobalSection(SolutionProperties) = preSolution
		HideSolutionNode = FALSE
	EndGlobalSection
	GlobalSection(ExtensibilityGlobals) = postSolution
		SolutionGuid = {23763C9B-BA84-44DF-B08E-F6233A0C6E46}
	EndGlobalSection
EndGlobal
